
Microsoft Visual Studio Solution File, Format Version 12.00
# Visual Studio Version 16
VisualStudioVersion = 25.0.1706.1
MinimumVisualStudioVersion = 10.0.40219.1
Project("{FAE04EC0-301F-11D3-BF4B-00C04F79EFBC}") = "MagicT.Client", "MagicT.Client\MagicT.Client.csproj", "{F6A50515-D182-4E8B-ACB1-BFB1AF4330B4}"
EndProject
Project("{FAE04EC0-301F-11D3-BF4B-00C04F79EFBC}") = "MagicT.Shared", "MagicT.Shared\MagicT.Shared.csproj", "{D138E262-A7F0-48AD-88E8-82748BB5CA1F}"
EndProject
Project("{FAE04EC0-301F-11D3-BF4B-00C04F79EFBC}") = "MagicT.Server", "MagicT.Server\MagicT.Server.csproj", "{14BDF5AB-FEE2-4E65-821A-78E75BB1E1F1}"
EndProject
Project("{FAE04EC0-301F-11D3-BF4B-00C04F79EFBC}") = "MagicT.Web", "MagicT.Web\MagicT.Web.csproj", "{E9E38A79-C6B3-460C-9A68-2728A5601354}"
EndProject
Project("{FAE04EC0-301F-11D3-BF4B-00C04F79EFBC}") = "MagicT.Redis", "MagicT.Redis\MagicT.Redis.csproj", "{AD34BB6D-B436-48CB-BD60-E2417D4B847B}"
EndProject
Global
	GlobalSection(SolutionConfigurationPlatforms) = preSolution
		Debug|Any CPU = Debug|Any CPU
		Release|Any CPU = Release|Any CPU
	EndGlobalSection
	GlobalSection(ProjectConfigurationPlatforms) = postSolution
		{F6A50515-D182-4E8B-ACB1-BFB1AF4330B4}.Debug|Any CPU.ActiveCfg = Debug|Any CPU
		{F6A50515-D182-4E8B-ACB1-BFB1AF4330B4}.Debug|Any CPU.Build.0 = Debug|Any CPU
		{F6A50515-D182-4E8B-ACB1-BFB1AF4330B4}.Release|Any CPU.ActiveCfg = Release|Any CPU
		{F6A50515-D182-4E8B-ACB1-BFB1AF4330B4}.Release|Any CPU.Build.0 = Release|Any CPU
		{D138E262-A7F0-48AD-88E8-82748BB5CA1F}.Debug|Any CPU.ActiveCfg = Debug|Any CPU
		{D138E262-A7F0-48AD-88E8-82748BB5CA1F}.Debug|Any CPU.Build.0 = Debug|Any CPU
		{D138E262-A7F0-48AD-88E8-82748BB5CA1F}.Release|Any CPU.ActiveCfg = Release|Any CPU
		{D138E262-A7F0-48AD-88E8-82748BB5CA1F}.Release|Any CPU.Build.0 = Release|Any CPU
		{14BDF5AB-FEE2-4E65-821A-78E75BB1E1F1}.Debug|Any CPU.ActiveCfg = Debug|Any CPU
		{14BDF5AB-FEE2-4E65-821A-78E75BB1E1F1}.Debug|Any CPU.Build.0 = Debug|Any CPU
		{14BDF5AB-FEE2-4E65-821A-78E75BB1E1F1}.Release|Any CPU.ActiveCfg = Release|Any CPU
		{14BDF5AB-FEE2-4E65-821A-78E75BB1E1F1}.Release|Any CPU.Build.0 = Release|Any CPU
		{E9E38A79-C6B3-460C-9A68-2728A5601354}.Debug|Any CPU.ActiveCfg = Debug|Any CPU
		{E9E38A79-C6B3-460C-9A68-2728A5601354}.Debug|Any CPU.Build.0 = Debug|Any CPU
		{E9E38A79-C6B3-460C-9A68-2728A5601354}.Release|Any CPU.ActiveCfg = Release|Any CPU
		{E9E38A79-C6B3-460C-9A68-2728A5601354}.Release|Any CPU.Build.0 = Release|Any CPU
		{AD34BB6D-B436-48CB-BD60-E2417D4B847B}.Debug|Any CPU.ActiveCfg = Debug|Any CPU
		{AD34BB6D-B436-48CB-BD60-E2417D4B847B}.Debug|Any CPU.Build.0 = Debug|Any CPU
		{AD34BB6D-B436-48CB-BD60-E2417D4B847B}.Release|Any CPU.ActiveCfg = Release|Any CPU
		{AD34BB6D-B436-48CB-BD60-E2417D4B847B}.Release|Any CPU.Build.0 = Release|Any CPU
	EndGlobalSection
	GlobalSection(SolutionProperties) = preSolution
		HideSolutionNode = FALSE
	EndGlobalSection
	GlobalSection(ExtensibilityGlobals) = postSolution
		SolutionGuid = {8F3E2C60-8179-4B94-BDCD-9E0797A5FFA9}
	EndGlobalSection
EndGlobal
